
Microsoft Visual Studio Solution File, Format Version 12.00
Project("{FAE04EC0-301F-11D3-BF4B-00C04F79EFBC}") = "Rover", "Rover\Rover.csproj", "{CC112DF5-115F-483E-8583-4AA76CC83FB9}"
EndProject
Project("{FAE04EC0-301F-11D3-BF4B-00C04F79EFBC}") = "Rover.Tests", "Rover.Tests\Rover.Tests.csproj", "{B18FA215-9327-4171-9B0B-30BB951115FD}"
EndProject
Global
	GlobalSection(SolutionConfigurationPlatforms) = preSolution
		Debug|Any CPU = Debug|Any CPU
		Release|Any CPU = Release|Any CPU
	EndGlobalSection
	GlobalSection(ProjectConfigurationPlatforms) = postSolution
		{CC112DF5-115F-483E-8583-4AA76CC83FB9}.Debug|Any CPU.ActiveCfg = Debug|Any CPU
		{CC112DF5-115F-483E-8583-4AA76CC83FB9}.Debug|Any CPU.Build.0 = Debug|Any CPU
		{CC112DF5-115F-483E-8583-4AA76CC83FB9}.Release|Any CPU.ActiveCfg = Release|Any CPU
		{CC112DF5-115F-483E-8583-4AA76CC83FB9}.Release|Any CPU.Build.0 = Release|Any CPU
		{B18FA215-9327-4171-9B0B-30BB951115FD}.Debug|Any CPU.ActiveCfg = Debug|Any CPU
		{B18FA215-9327-4171-9B0B-30BB951115FD}.Debug|Any CPU.Build.0 = Debug|Any CPU
		{B18FA215-9327-4171-9B0B-30BB951115FD}.Release|Any CPU.ActiveCfg = Release|Any CPU
		{B18FA215-9327-4171-9B0B-30BB951115FD}.Release|Any CPU.Build.0 = Release|Any CPU
	EndGlobalSection
EndGlobal
